# This file is autogenerated, do not edit; changes may be undone by the next 'dep ensure'.


[[projects]]
  name = "github.com/Sirupsen/logrus"
  packages = ["."]
  revision = "bcd833dfe83d3cebad139e4a29ed79cb2318bf95"
  version = "v1.2.0"

[[projects]]
  name = "github.com/konsorten/go-windows-terminal-sequences"
  packages = ["."]
  revision = "5c8c8bd35d3832f5d134ae1e1e375b69a4d25242"
  version = "v1.0.1"

[[projects]]
  branch = "master"
  name = "golang.org/x/crypto"
  packages = ["ssh/terminal"]
  revision = "eb0de9b17e854e9b1ccd9963efafc79862359959"

[[projects]]
  branch = "master"
  name = "golang.org/x/sys"
  packages = [
    "unix",
    "windows"
  ]
  revision = "4ed8d59d0b35e1e29334a206d1b3f38b1e5dfb31"

[[projects]]
  name = "gopkg.in/yaml.v2"
  packages = ["."]
  revision = "51d6538a90f86fe93ac480b35f37b2be17fef232"
  version = "v2.2.2"

[solve-meta]
  analyzer-name = "dep"
  analyzer-version = 1
  inputs-digest = "e0d0f96ef0ba1d48b1fe707ce1746b4a97688b6d3a089b5a8067fd13a6ff92ee"
  solver-name = "gps-cdcl"
  solver-version = 1
